// !$*UTF8*$!
{
	archiveVersion = 1;
	classes = {
	};
	objectVersion = 50;
	objects = {

/* Begin PBXBuildFile section */
		79096E7722EB818A000FD6B9 /* ImageService.swift in Sources */ = {isa = PBXBuildFile; fileRef = 79096E7622EB818A000FD6B9 /* ImageService.swift */; };
		7909DA8D22ECA4F900D694E0 /* AlertService.swift in Sources */ = {isa = PBXBuildFile; fileRef = 7909DA8C22ECA4F900D694E0 /* AlertService.swift */; };
		7909E1B322E89A6B00532FAD /* AppDelegate.swift in Sources */ = {isa = PBXBuildFile; fileRef = 7909E1B222E89A6B00532FAD /* AppDelegate.swift */; };
		7909E1B522E89A6B00532FAD /* MoviesListViewController.swift in Sources */ = {isa = PBXBuildFile; fileRef = 7909E1B422E89A6B00532FAD /* MoviesListViewController.swift */; };
		7909E1B822E89A6B00532FAD /* Main.storyboard in Resources */ = {isa = PBXBuildFile; fileRef = 7909E1B622E89A6B00532FAD /* Main.storyboard */; };
		7909E1BD22E89A6B00532FAD /* Assets.xcassets in Resources */ = {isa = PBXBuildFile; fileRef = 7909E1BC22E89A6B00532FAD /* Assets.xcassets */; };
		7909E1C022E89A6B00532FAD /* LaunchScreen.storyboard in Resources */ = {isa = PBXBuildFile; fileRef = 7909E1BE22E89A6B00532FAD /* LaunchScreen.storyboard */; };
		7909E1C822E89C0A00532FAD /* MoviesData.swift in Sources */ = {isa = PBXBuildFile; fileRef = 7909E1C722E89C0A00532FAD /* MoviesData.swift */; };
		7909E1CA22E8A85100532FAD /* MoviesDetailsViewController.swift in Sources */ = {isa = PBXBuildFile; fileRef = 7909E1C922E8A85100532FAD /* MoviesDetailsViewController.swift */; };
		7909E1CC22E8A89C00532FAD /* MovieTableViewCell.swift in Sources */ = {isa = PBXBuildFile; fileRef = 7909E1CB22E8A89C00532FAD /* MovieTableViewCell.swift */; };
		7909E1CE22E8BEB800532FAD /* APIService.swift in Sources */ = {isa = PBXBuildFile; fileRef = 7909E1CD22E8BEB800532FAD /* APIService.swift */; };
		7909E1D022E8C3C800532FAD /* MovieDetails.swift in Sources */ = {isa = PBXBuildFile; fileRef = 7909E1CF22E8C3C800532FAD /* MovieDetails.swift */; };
/* End PBXBuildFile section */

/* Begin PBXFileReference section */
		79096E7622EB818A000FD6B9 /* ImageService.swift */ = {isa = PBXFileReference; lastKnownFileType = sourcecode.swift; path = ImageService.swift; sourceTree = "<group>"; };
		7909DA8C22ECA4F900D694E0 /* AlertService.swift */ = {isa = PBXFileReference; lastKnownFileType = sourcecode.swift; path = AlertService.swift; sourceTree = "<group>"; };
		7909E1AF22E89A6B00532FAD /* movieList.app */ = {isa = PBXFileReference; explicitFileType = wrapper.application; includeInIndex = 0; path = movieList.app; sourceTree = BUILT_PRODUCTS_DIR; };
		7909E1B222E89A6B00532FAD /* AppDelegate.swift */ = {isa = PBXFileReference; lastKnownFileType = sourcecode.swift; path = AppDelegate.swift; sourceTree = "<group>"; };
		7909E1B422E89A6B00532FAD /* MoviesListViewController.swift */ = {isa = PBXFileReference; lastKnownFileType = sourcecode.swift; path = MoviesListViewController.swift; sourceTree = "<group>"; };
		7909E1B722E89A6B00532FAD /* Base */ = {isa = PBXFileReference; lastKnownFileType = file.storyboard; name = Base; path = Base.lproj/Main.storyboard; sourceTree = "<group>"; };
		7909E1BC22E89A6B00532FAD /* Assets.xcassets */ = {isa = PBXFileReference; lastKnownFileType = folder.assetcatalog; path = Assets.xcassets; sourceTree = "<group>"; };
		7909E1BF22E89A6B00532FAD /* Base */ = {isa = PBXFileReference; lastKnownFileType = file.storyboard; name = Base; path = Base.lproj/LaunchScreen.storyboard; sourceTree = "<group>"; };
		7909E1C122E89A6B00532FAD /* Info.plist */ = {isa = PBXFileReference; lastKnownFileType = text.plist.xml; path = Info.plist; sourceTree = "<group>"; };
		7909E1C722E89C0A00532FAD /* MoviesData.swift */ = {isa = PBXFileReference; lastKnownFileType = sourcecode.swift; path = MoviesData.swift; sourceTree = "<group>"; };
		7909E1C922E8A85100532FAD /* MoviesDetailsViewController.swift */ = {isa = PBXFileReference; lastKnownFileType = sourcecode.swift; path = MoviesDetailsViewController.swift; sourceTree = "<group>"; };
		7909E1CB22E8A89C00532FAD /* MovieTableViewCell.swift */ = {isa = PBXFileReference; lastKnownFileType = sourcecode.swift; path = MovieTableViewCell.swift; sourceTree = "<group>"; };
		7909E1CD22E8BEB800532FAD /* APIService.swift */ = {isa = PBXFileReference; lastKnownFileType = sourcecode.swift; path = APIService.swift; sourceTree = "<group>"; };
		7909E1CF22E8C3C800532FAD /* MovieDetails.swift */ = {isa = PBXFileReference; lastKnownFileType = sourcecode.swift; path = MovieDetails.swift; sourceTree = "<group>"; };
/* End PBXFileReference section */

/* Begin PBXFrameworksBuildPhase section */
		7909E1AC22E89A6B00532FAD /* Frameworks */ = {
			isa = PBXFrameworksBuildPhase;
			buildActionMask = 2147483647;
			files = (
			);
			runOnlyForDeploymentPostprocessing = 0;
		};
/* End PBXFrameworksBuildPhase section */

/* Begin PBXGroup section */
		7909DA8E22ECA8E500D694E0 /* ViewControllers */ = {
			isa = PBXGroup;
			children = (
				7909E1B422E89A6B00532FAD /* MoviesListViewController.swift */,
				7909E1C922E8A85100532FAD /* MoviesDetailsViewController.swift */,
				7909DA9122ECAA0B00D694E0 /* Cells */,
			);
			path = ViewControllers;
			sourceTree = "<group>";
		};
		7909DA8F22ECA8F900D694E0 /* Services */ = {
			isa = PBXGroup;
			children = (
				7909E1CD22E8BEB800532FAD /* APIService.swift */,
				79096E7622EB818A000FD6B9 /* ImageService.swift */,
				7909DA8C22ECA4F900D694E0 /* AlertService.swift */,
			);
			path = Services;
			sourceTree = "<group>";
		};
		7909DA9022ECA96D00D694E0 /* Models */ = {
			isa = PBXGroup;
			children = (
				7909E1CF22E8C3C800532FAD /* MovieDetails.swift */,
				7909E1C722E89C0A00532FAD /* MoviesData.swift */,
			);
			path = Models;
			sourceTree = "<group>";
		};
		7909DA9122ECAA0B00D694E0 /* Cells */ = {
			isa = PBXGroup;
			children = (
				7909E1CB22E8A89C00532FAD /* MovieTableViewCell.swift */,
			);
			path = Cells;
			sourceTree = "<group>";
		};
		7909E1A622E89A6A00532FAD = {
			isa = PBXGroup;
			children = (
				7909E1B122E89A6B00532FAD /* movieList */,
				7909E1B022E89A6B00532FAD /* Products */,
			);
			sourceTree = "<group>";
		};
		7909E1B022E89A6B00532FAD /* Products */ = {
			isa = PBXGroup;
			children = (
				7909E1AF22E89A6B00532FAD /* movieList.app */,
			);
			name = Products;
			sourceTree = "<group>";
		};
		7909E1B122E89A6B00532FAD /* movieList */ = {
			isa = PBXGroup;
			children = (
				7909DA8F22ECA8F900D694E0 /* Services */,
				7909DA9022ECA96D00D694E0 /* Models */,
				7909DA8E22ECA8E500D694E0 /* ViewControllers */,
				7909E1B622E89A6B00532FAD /* Main.storyboard */,
				7909E1B222E89A6B00532FAD /* AppDelegate.swift */,
				7909E1BC22E89A6B00532FAD /* Assets.xcassets */,
				7909E1BE22E89A6B00532FAD /* LaunchScreen.storyboard */,
				7909E1C122E89A6B00532FAD /* Info.plist */,
			);
			path = movieList;
			sourceTree = "<group>";
		};
/* End PBXGroup section */

/* Begin PBXNativeTarget section */
		7909E1AE22E89A6B00532FAD /* movieList */ = {
			isa = PBXNativeTarget;
			buildConfigurationList = 7909E1C422E89A6B00532FAD /* Build configuration list for PBXNativeTarget "movieList" */;
			buildPhases = (
				7909E1AB22E89A6B00532FAD /* Sources */,
				7909E1AC22E89A6B00532FAD /* Frameworks */,
				7909E1AD22E89A6B00532FAD /* Resources */,
			);
			buildRules = (
			);
			dependencies = (
			);
			name = movieList;
			productName = movieList;
			productReference = 7909E1AF22E89A6B00532FAD /* movieList.app */;
			productType = "com.apple.product-type.application";
		};
/* End PBXNativeTarget section */

/* Begin PBXProject section */
		7909E1A722E89A6A00532FAD /* Project object */ = {
			isa = PBXProject;
			attributes = {
				LastSwiftUpdateCheck = 1020;
				LastUpgradeCheck = 1020;
				ORGANIZATIONNAME = "Bar Gantovnik";
				TargetAttributes = {
					7909E1AE22E89A6B00532FAD = {
						CreatedOnToolsVersion = 10.2.1;
					};
				};
			};
			buildConfigurationList = 7909E1AA22E89A6A00532FAD /* Build configuration list for PBXProject "movieList" */;
			compatibilityVersion = "Xcode 9.3";
			developmentRegion = en;
			hasScannedForEncodings = 0;
			knownRegions = (
				en,
				Base,
			);
			mainGroup = 7909E1A622E89A6A00532FAD;
			productRefGroup = 7909E1B022E89A6B00532FAD /* Products */;
			projectDirPath = "";
			projectRoot = "";
			targets = (
				7909E1AE22E89A6B00532FAD /* movieList */,
			);
		};
/* End PBXProject section */

/* Begin PBXResourcesBuildPhase section */
		7909E1AD22E89A6B00532FAD /* Resources */ = {
			isa = PBXResourcesBuildPhase;
			buildActionMask = 2147483647;
			files = (
				7909E1C022E89A6B00532FAD /* LaunchScreen.storyboard in Resources */,
				7909E1BD22E89A6B00532FAD /* Assets.xcassets in Resources */,
				7909E1B822E89A6B00532FAD /* Main.storyboard in Resources */,
			);
			runOnlyForDeploymentPostprocessing = 0;
		};
/* End PBXResourcesBuildPhase section */

/* Begin PBXSourcesBuildPhase section */
		7909E1AB22E89A6B00532FAD /* Sources */ = {
			isa = PBXSourcesBuildPhase;
			buildActionMask = 2147483647;
			files = (
				7909E1C822E89C0A00532FAD /* MoviesData.swift in Sources */,
				7909E1CE22E8BEB800532FAD /* APIService.swift in Sources */,
				79096E7722EB818A000FD6B9 /* ImageService.swift in Sources */,
				7909E1CA22E8A85100532FAD /* MoviesDetailsViewController.swift in Sources */,
				7909DA8D22ECA4F900D694E0 /* AlertService.swift in Sources */,
				7909E1D022E8C3C800532FAD /* MovieDetails.swift in Sources */,
				7909E1CC22E8A89C00532FAD /* MovieTableViewCell.swift in Sources */,
				7909E1B522E89A6B00532FAD /* MoviesListViewController.swift in Sources */,
				7909E1B322E89A6B00532FAD /* AppDelegate.swift in Sources */,
			);
			runOnlyForDeploymentPostprocessing = 0;
		};
/* End PBXSourcesBuildPhase section */

/* Begin PBXVariantGroup section */
		7909E1B622E89A6B00532FAD /* Main.storyboard */ = {
			isa = PBXVariantGroup;
			children = (
				7909E1B722E89A6B00532FAD /* Base */,
			);
			name = Main.storyboard;
			sourceTree = "<group>";
		};
		7909E1BE22E89A6B00532FAD /* LaunchScreen.storyboard */ = {
			isa = PBXVariantGroup;
			children = (
				7909E1BF22E89A6B00532FAD /* Base */,
			);
			name = LaunchScreen.storyboard;
			sourceTree = "<group>";
		};
/* End PBXVariantGroup section */

/* Begin XCBuildConfiguration section */
		7909E1C222E89A6B00532FAD /* Debug */ = {
			isa = XCBuildConfiguration;
			buildSettings = {
				ALWAYS_SEARCH_USER_PATHS = NO;
				CLANG_ANALYZER_NONNULL = YES;
				CLANG_ANALYZER_NUMBER_OBJECT_CONVERSION = YES_AGGRESSIVE;
				CLANG_CXX_LANGUAGE_STANDARD = "gnu++14";
				CLANG_CXX_LIBRARY = "libc++";
				CLANG_ENABLE_MODULES = YES;
				CLANG_ENABLE_OBJC_ARC = YES;
				CLANG_ENABLE_OBJC_WEAK = YES;
				CLANG_WARN_BLOCK_CAPTURE_AUTORELEASING = YES;
				CLANG_WARN_BOOL_CONVERSION = YES;
				CLANG_WARN_COMMA = YES;
				CLANG_WARN_CONSTANT_CONVERSION = YES;
				CLANG_WARN_DEPRECATED_OBJC_IMPLEMENTATIONS = YES;
				CLANG_WARN_DIRECT_OBJC_ISA_USAGE = YES_ERROR;
				CLANG_WARN_DOCUMENTATION_COMMENTS = YES;
				CLANG_WARN_EMPTY_BODY = YES;
				CLANG_WARN_ENUM_CONVERSION = YES;
				CLANG_WARN_INFINITE_RECURSION = YES;
				CLANG_WARN_INT_CONVERSION = YES;
				CLANG_WARN_NON_LITERAL_NULL_CONVERSION = YES;
				CLANG_WARN_OBJC_IMPLICIT_RETAIN_SELF = YES;
				CLANG_WARN_OBJC_LITERAL_CONVERSION = YES;
				CLANG_WARN_OBJC_ROOT_CLASS = YES_ERROR;
				CLANG_WARN_RANGE_LOOP_ANALYSIS = YES;
				CLANG_WARN_STRICT_PROTOTYPES = YES;
				CLANG_WARN_SUSPICIOUS_MOVE = YES;
				CLANG_WARN_UNGUARDED_AVAILABILITY = YES_AGGRESSIVE;
				CLANG_WARN_UNREACHABLE_CODE = YES;
				CLANG_WARN__DUPLICATE_METHOD_MATCH = YES;
				CODE_SIGN_IDENTITY = "iPhone Developer";
				COPY_PHASE_STRIP = NO;
				DEBUG_INFORMATION_FORMAT = dwarf;
				ENABLE_STRICT_OBJC_MSGSEND = YES;
				ENABLE_TESTABILITY = YES;
				GCC_C_LANGUAGE_STANDARD = gnu11;
				GCC_DYNAMIC_NO_PIC = NO;
				GCC_NO_COMMON_BLOCKS = YES;
				GCC_OPTIMIZATION_LEVEL = 0;
				GCC_PREPROCESSOR_DEFINITIONS = (
					"DEBUG=1",
					"$(inherited)",
				);
				GCC_WARN_64_TO_32_BIT_CONVERSION = YES;
				GCC_WARN_ABOUT_RETURN_TYPE = YES_ERROR;
				GCC_WARN_UNDECLARED_SELECTOR = YES;
				GCC_WARN_UNINITIALIZED_AUTOS = YES_AGGRESSIVE;
				GCC_WARN_UNUSED_FUNCTION = YES;
				GCC_WARN_UNUSED_VARIABLE = YES;
				IPHONEOS_DEPLOYMENT_TARGET = 12.2;
				MTL_ENABLE_DEBUG_INFO = INCLUDE_SOURCE;
				MTL_FAST_MATH = YES;
				ONLY_ACTIVE_ARCH = YES;
				SDKROOT = iphoneos;
				SWIFT_ACTIVE_COMPILATION_CONDITIONS = DEBUG;
				SWIFT_OPTIMIZATION_LEVEL = "-Onone";
			};
			name = Debug;
		};
		7909E1C322E89A6B00532FAD /* Release */ = {
			isa = XCBuildConfiguration;
			buildSettings = {
				ALWAYS_SEARCH_USER_PATHS = NO;
				CLANG_ANALYZER_NONNULL = YES;
				CLANG_ANALYZER_NUMBER_OBJECT_CONVERSION = YES_AGGRESSIVE;
				CLANG_CXX_LANGUAGE_STANDARD = "gnu++14";
				CLANG_CXX_LIBRARY = "libc++";
				CLANG_ENABLE_MODULES = YES;
				CLANG_ENABLE_OBJC_ARC = YES;
				CLANG_ENABLE_OBJC_WEAK = YES;
				CLANG_WARN_BLOCK_CAPTURE_AUTORELEASING = YES;
				CLANG_WARN_BOOL_CONVERSION = YES;
				CLANG_WARN_COMMA = YES;
				CLANG_WARN_CONSTANT_CONVERSION = YES;
				CLANG_WARN_DEPRECATED_OBJC_IMPLEMENTATIONS = YES;
				CLANG_WARN_DIRECT_OBJC_ISA_USAGE = YES_ERROR;
				CLANG_WARN_DOCUMENTATION_COMMENTS = YES;
				CLANG_WARN_EMPTY_BODY = YES;
				CLANG_WARN_ENUM_CONVERSION = YES;
				CLANG_WARN_INFINITE_RECURSION = YES;
				CLANG_WARN_INT_CONVERSION = YES;
				CLANG_WARN_NON_LITERAL_NULL_CONVERSION = YES;
				CLANG_WARN_OBJC_IMPLICIT_RETAIN_SELF = YES;
				CLANG_WARN_OBJC_LITERAL_CONVERSION = YES;
				CLANG_WARN_OBJC_ROOT_CLASS = YES_ERROR;
				CLANG_WARN_RANGE_LOOP_ANALYSIS = YES;
				CLANG_WARN_STRICT_PROTOTYPES = YES;
				CLANG_WARN_SUSPICIOUS_MOVE = YES;
				CLANG_WARN_UNGUARDED_AVAILABILITY = YES_AGGRESSIVE;
				CLANG_WARN_UNREACHABLE_CODE = YES;
				CLANG_WARN__DUPLICATE_METHOD_MATCH = YES;
				CODE_SIGN_IDENTITY = "iPhone Developer";
				COPY_PHASE_STRIP = NO;
				DEBUG_INFORMATION_FORMAT = "dwarf-with-dsym";
				ENABLE_NS_ASSERTIONS = NO;
				ENABLE_STRICT_OBJC_MSGSEND = YES;
				GCC_C_LANGUAGE_STANDARD = gnu11;
				GCC_NO_COMMON_BLOCKS = YES;
				GCC_WARN_64_TO_32_BIT_CONVERSION = YES;
				GCC_WARN_ABOUT_RETURN_TYPE = YES_ERROR;
				GCC_WARN_UNDECLARED_SELECTOR = YES;
				GCC_WARN_UNINITIALIZED_AUTOS = YES_AGGRESSIVE;
				GCC_WARN_UNUSED_FUNCTION = YES;
				GCC_WARN_UNUSED_VARIABLE = YES;
				IPHONEOS_DEPLOYMENT_TARGET = 12.2;
				MTL_ENABLE_DEBUG_INFO = NO;
				MTL_FAST_MATH = YES;
				SDKROOT = iphoneos;
				SWIFT_COMPILATION_MODE = wholemodule;
				SWIFT_OPTIMIZATION_LEVEL = "-O";
				VALIDATE_PRODUCT = YES;
			};
			name = Release;
		};
		7909E1C522E89A6B00532FAD /* Debug */ = {
			isa = XCBuildConfiguration;
			buildSettings = {
				ASSETCATALOG_COMPILER_APPICON_NAME = AppIcon;
				CODE_SIGN_STYLE = Automatic;
				DEVELOPMENT_TEAM = K7Z7XDK92J;
				INFOPLIST_FILE = movieList/Info.plist;
				LD_RUNPATH_SEARCH_PATHS = (
					"$(inherited)",
					"@executable_path/Frameworks",
				);
				PRODUCT_BUNDLE_IDENTIFIER = bar.movieList;
				PRODUCT_NAME = "$(TARGET_NAME)";
				SWIFT_VERSION = 5.0;
				TARGETED_DEVICE_FAMILY = "1,2";
			};
			name = Debug;
		};
		7909E1C622E89A6B00532FAD /* Release */ = {
			isa = XCBuildConfiguration;
			buildSettings = {
				ASSETCATALOG_COMPILER_APPICON_NAME = AppIcon;
				CODE_SIGN_STYLE = Automatic;
				DEVELOPMENT_TEAM = K7Z7XDK92J;
				INFOPLIST_FILE = movieList/Info.plist;
				LD_RUNPATH_SEARCH_PATHS = (
					"$(inherited)",
					"@executable_path/Frameworks",
				);
				PRODUCT_BUNDLE_IDENTIFIER = bar.movieList;
				PRODUCT_NAME = "$(TARGET_NAME)";
				SWIFT_VERSION = 5.0;
				TARGETED_DEVICE_FAMILY = "1,2";
			};
			name = Release;
		};
/* End XCBuildConfiguration section */

/* Begin XCConfigurationList section */
		7909E1AA22E89A6A00532FAD /* Build configuration list for PBXProject "movieList" */ = {
			isa = XCConfigurationList;
			buildConfigurations = (
				7909E1C222E89A6B00532FAD /* Debug */,
				7909E1C322E89A6B00532FAD /* Release */,
			);
			defaultConfigurationIsVisible = 0;
			defaultConfigurationName = Release;
		};
		7909E1C422E89A6B00532FAD /* Build configuration list for PBXNativeTarget "movieList" */ = {
			isa = XCConfigurationList;
			buildConfigurations = (
				7909E1C522E89A6B00532FAD /* Debug */,
				7909E1C622E89A6B00532FAD /* Release */,
			);
			defaultConfigurationIsVisible = 0;
			defaultConfigurationName = Release;
		};
/* End XCConfigurationList section */
	};
	rootObject = 7909E1A722E89A6A00532FAD /* Project object */;
}
